
Microsoft Visual Studio Solution File, Format Version 12.00
# Visual Studio 15
Project("{FAE04EC0-301F-11D3-BF4B-00C04F79EFBC}") = "Assembly-CSharp", "Assembly-CSharp.csproj", "{1F80E3F1-CEF3-5CE3-25EC-136F6EA57944}"
EndProject
Global
	GlobalSection(SolutionConfigurationPlatforms) = preSolution
		Debug|Any CPU = Debug|Any CPU
		Release|Any CPU = Release|Any CPU
	EndGlobalSection
	GlobalSection(ProjectConfigurationPlatforms) = postSolution
		{1F80E3F1-CEF3-5CE3-25EC-136F6EA57944}.Debug|Any CPU.ActiveCfg = Debug|Any CPU
		{1F80E3F1-CEF3-5CE3-25EC-136F6EA57944}.Debug|Any CPU.Build.0 = Debug|Any CPU
		{1F80E3F1-CEF3-5CE3-25EC-136F6EA57944}.Release|Any CPU.ActiveCfg = Release|Any CPU
		{1F80E3F1-CEF3-5CE3-25EC-136F6EA57944}.Release|Any CPU.Build.0 = Release|Any CPU
	EndGlobalSection
	GlobalSection(SolutionProperties) = preSolution
		HideSolutionNode = FALSE
	EndGlobalSection
EndGlobal
